
Microsoft Visual Studio Solution File, Format Version 12.00
# Visual Studio Version 16
VisualStudioVersion = 16.0.30320.27
MinimumVisualStudioVersion = 10.0.40219.1
Project("{FAE04EC0-301F-11D3-BF4B-00C04F79EFBC}") = "AoiBlog", "AoiBlog\AoiBlog.csproj", "{1F199201-0B72-4792-A0FC-476979B7496B}"
EndProject
Project("{FAE04EC0-301F-11D3-BF4B-00C04F79EFBC}") = "AoiBlogModel", "AoiBlogModel\AoiBlogModel.csproj", "{1CDB6E3C-BAD8-48BA-8835-1B3E4688AF93}"
EndProject
Global
	GlobalSection(SolutionConfigurationPlatforms) = preSolution
		Debug|Any CPU = Debug|Any CPU
		Release|Any CPU = Release|Any CPU
	EndGlobalSection
	GlobalSection(ProjectConfigurationPlatforms) = postSolution
		{1F199201-0B72-4792-A0FC-476979B7496B}.Debug|Any CPU.ActiveCfg = Debug|Any CPU
		{1F199201-0B72-4792-A0FC-476979B7496B}.Debug|Any CPU.Build.0 = Debug|Any CPU
		{1F199201-0B72-4792-A0FC-476979B7496B}.Release|Any CPU.ActiveCfg = Release|Any CPU
		{1F199201-0B72-4792-A0FC-476979B7496B}.Release|Any CPU.Build.0 = Release|Any CPU
		{1CDB6E3C-BAD8-48BA-8835-1B3E4688AF93}.Debug|Any CPU.ActiveCfg = Debug|Any CPU
		{1CDB6E3C-BAD8-48BA-8835-1B3E4688AF93}.Debug|Any CPU.Build.0 = Debug|Any CPU
		{1CDB6E3C-BAD8-48BA-8835-1B3E4688AF93}.Release|Any CPU.ActiveCfg = Release|Any CPU
		{1CDB6E3C-BAD8-48BA-8835-1B3E4688AF93}.Release|Any CPU.Build.0 = Release|Any CPU
	EndGlobalSection
	GlobalSection(SolutionProperties) = preSolution
		HideSolutionNode = FALSE
	EndGlobalSection
	GlobalSection(ExtensibilityGlobals) = postSolution
		SolutionGuid = {C723D902-0EC0-4E42-9424-81B9AB746DA4}
	EndGlobalSection
EndGlobal
